
Microsoft Visual Studio Solution File, Format Version 12.00
# Visual Studio Version 17
VisualStudioVersion = 17.1.32210.238
MinimumVisualStudioVersion = 10.0.40219.1
Project("{FAE04EC0-301F-11D3-BF4B-00C04F79EFBC}") = "EMSApi", "EMSApi\EMSApi.csproj", "{11C0B64F-5C5D-4EAD-8ECA-363F9D2DD50C}"
EndProject
Global
	GlobalSection(SolutionConfigurationPlatforms) = preSolution
		Debug|Any CPU = Debug|Any CPU
		Release|Any CPU = Release|Any CPU
	EndGlobalSection
	GlobalSection(ProjectConfigurationPlatforms) = postSolution
		{11C0B64F-5C5D-4EAD-8ECA-363F9D2DD50C}.Debug|Any CPU.ActiveCfg = Debug|Any CPU
		{11C0B64F-5C5D-4EAD-8ECA-363F9D2DD50C}.Debug|Any CPU.Build.0 = Debug|Any CPU
		{11C0B64F-5C5D-4EAD-8ECA-363F9D2DD50C}.Release|Any CPU.ActiveCfg = Release|Any CPU
		{11C0B64F-5C5D-4EAD-8ECA-363F9D2DD50C}.Release|Any CPU.Build.0 = Release|Any CPU
	EndGlobalSection
	GlobalSection(SolutionProperties) = preSolution
		HideSolutionNode = FALSE
	EndGlobalSection
	GlobalSection(ExtensibilityGlobals) = postSolution
		SolutionGuid = {7DF3EB3D-1C1C-4224-BFEB-F2A71682B849}
	EndGlobalSection
EndGlobal
